
Microsoft Visual Studio Solution File, Format Version 12.00
# Visual Studio Version 16
VisualStudioVersion = 16.0.31105.61
MinimumVisualStudioVersion = 10.0.40219.1
Project("{FAE04EC0-301F-11D3-BF4B-00C04F79EFBC}") = "KAW1HashFinder.Requester", "KAW1HashFinder\KAW1HashFinder.Requester.csproj", "{C3F04AF0-10E7-44DE-80D6-014806C8731F}"
EndProject
Project("{FAE04EC0-301F-11D3-BF4B-00C04F79EFBC}") = "KAW1HashFinder.Worker", "KAW1HashFinder.Worker\KAW1HashFinder.Worker.csproj", "{1A209BED-6C56-4B32-AD99-B06CB41D1135}"
EndProject
Project("{FAE04EC0-301F-11D3-BF4B-00C04F79EFBC}") = "KAW1HashFinder.Common", "KAW1HashFinder.Common\KAW1HashFinder.Common.csproj", "{8495FC44-5EC8-4F5C-A49D-F0620661C5F6}"
EndProject
Global
	GlobalSection(SolutionConfigurationPlatforms) = preSolution
		Debug|Any CPU = Debug|Any CPU
		Release|Any CPU = Release|Any CPU
	EndGlobalSection
	GlobalSection(ProjectConfigurationPlatforms) = postSolution
		{C3F04AF0-10E7-44DE-80D6-014806C8731F}.Debug|Any CPU.ActiveCfg = Debug|Any CPU
		{C3F04AF0-10E7-44DE-80D6-014806C8731F}.Debug|Any CPU.Build.0 = Debug|Any CPU
		{C3F04AF0-10E7-44DE-80D6-014806C8731F}.Release|Any CPU.ActiveCfg = Release|Any CPU
		{C3F04AF0-10E7-44DE-80D6-014806C8731F}.Release|Any CPU.Build.0 = Release|Any CPU
		{1A209BED-6C56-4B32-AD99-B06CB41D1135}.Debug|Any CPU.ActiveCfg = Debug|Any CPU
		{1A209BED-6C56-4B32-AD99-B06CB41D1135}.Debug|Any CPU.Build.0 = Debug|Any CPU
		{1A209BED-6C56-4B32-AD99-B06CB41D1135}.Release|Any CPU.ActiveCfg = Release|Any CPU
		{1A209BED-6C56-4B32-AD99-B06CB41D1135}.Release|Any CPU.Build.0 = Release|Any CPU
		{8495FC44-5EC8-4F5C-A49D-F0620661C5F6}.Debug|Any CPU.ActiveCfg = Debug|Any CPU
		{8495FC44-5EC8-4F5C-A49D-F0620661C5F6}.Debug|Any CPU.Build.0 = Debug|Any CPU
		{8495FC44-5EC8-4F5C-A49D-F0620661C5F6}.Release|Any CPU.ActiveCfg = Release|Any CPU
		{8495FC44-5EC8-4F5C-A49D-F0620661C5F6}.Release|Any CPU.Build.0 = Release|Any CPU
	EndGlobalSection
	GlobalSection(SolutionProperties) = preSolution
		HideSolutionNode = FALSE
	EndGlobalSection
	GlobalSection(ExtensibilityGlobals) = postSolution
		SolutionGuid = {CBA0C086-3700-42B4-8218-E6CE15EAFCED}
	EndGlobalSection
EndGlobal
