
Microsoft Visual Studio Solution File, Format Version 12.00
# Visual Studio Version 16
VisualStudioVersion = 16.0.31025.194
MinimumVisualStudioVersion = 10.0.40219.1
Project("{FAE04EC0-301F-11D3-BF4B-00C04F79EFBC}") = "KAW1SwearJar", "KAW1SwearJar\KAW1SwearJar.csproj", "{0028A162-C659-41E9-8A98-D538B9DA132D}"
EndProject
Global
	GlobalSection(SolutionConfigurationPlatforms) = preSolution
		Debug|Any CPU = Debug|Any CPU
		Release|Any CPU = Release|Any CPU
	EndGlobalSection
	GlobalSection(ProjectConfigurationPlatforms) = postSolution
		{0028A162-C659-41E9-8A98-D538B9DA132D}.Debug|Any CPU.ActiveCfg = Debug|Any CPU
		{0028A162-C659-41E9-8A98-D538B9DA132D}.Debug|Any CPU.Build.0 = Debug|Any CPU
		{0028A162-C659-41E9-8A98-D538B9DA132D}.Release|Any CPU.ActiveCfg = Release|Any CPU
		{0028A162-C659-41E9-8A98-D538B9DA132D}.Release|Any CPU.Build.0 = Release|Any CPU
	EndGlobalSection
	GlobalSection(SolutionProperties) = preSolution
		HideSolutionNode = FALSE
	EndGlobalSection
	GlobalSection(ExtensibilityGlobals) = postSolution
		SolutionGuid = {41C2D99A-AA18-4B18-A6F7-FCDAAF21F3FF}
	EndGlobalSection
EndGlobal
