
Microsoft Visual Studio Solution File, Format Version 12.00
# Visual Studio Version 16
VisualStudioVersion = 16.0.31112.23
MinimumVisualStudioVersion = 10.0.40219.1
Project("{FAE04EC0-301F-11D3-BF4B-00C04F79EFBC}") = "KAW2IPVisu", "KAW2IPVisu\KAW2IPVisu.csproj", "{AC074D07-4B9E-45A4-A438-6473CE09BA79}"
EndProject
Project("{FAE04EC0-301F-11D3-BF4B-00C04F79EFBC}") = "KAW2IPVisu.Tests", "KAW2IPVisu.Tests\KAW2IPVisu.Tests.csproj", "{7A5E1E8B-05C8-46DB-965C-4F756D0A4A0C}"
EndProject
Global
	GlobalSection(SolutionConfigurationPlatforms) = preSolution
		Debug|Any CPU = Debug|Any CPU
		Release|Any CPU = Release|Any CPU
	EndGlobalSection
	GlobalSection(ProjectConfigurationPlatforms) = postSolution
		{AC074D07-4B9E-45A4-A438-6473CE09BA79}.Debug|Any CPU.ActiveCfg = Debug|Any CPU
		{AC074D07-4B9E-45A4-A438-6473CE09BA79}.Debug|Any CPU.Build.0 = Debug|Any CPU
		{AC074D07-4B9E-45A4-A438-6473CE09BA79}.Release|Any CPU.ActiveCfg = Release|Any CPU
		{AC074D07-4B9E-45A4-A438-6473CE09BA79}.Release|Any CPU.Build.0 = Release|Any CPU
		{7A5E1E8B-05C8-46DB-965C-4F756D0A4A0C}.Debug|Any CPU.ActiveCfg = Debug|Any CPU
		{7A5E1E8B-05C8-46DB-965C-4F756D0A4A0C}.Debug|Any CPU.Build.0 = Debug|Any CPU
		{7A5E1E8B-05C8-46DB-965C-4F756D0A4A0C}.Release|Any CPU.ActiveCfg = Release|Any CPU
		{7A5E1E8B-05C8-46DB-965C-4F756D0A4A0C}.Release|Any CPU.Build.0 = Release|Any CPU
	EndGlobalSection
	GlobalSection(SolutionProperties) = preSolution
		HideSolutionNode = FALSE
	EndGlobalSection
	GlobalSection(ExtensibilityGlobals) = postSolution
		SolutionGuid = {B36579D8-9ED0-41A2-9FBF-774E8D863A20}
	EndGlobalSection
EndGlobal
