
Microsoft Visual Studio Solution File, Format Version 12.00
# Visual Studio Version 16
VisualStudioVersion = 16.0.31025.194
MinimumVisualStudioVersion = 10.0.40219.1
Project("{FAE04EC0-301F-11D3-BF4B-00C04F79EFBC}") = "KAW2SwearJar", "KAW2SwearJar\KAW2SwearJar.csproj", "{9BC46576-0262-4223-888A-83AA69529D44}"
EndProject
Global
	GlobalSection(SolutionConfigurationPlatforms) = preSolution
		Debug|Any CPU = Debug|Any CPU
		Release|Any CPU = Release|Any CPU
	EndGlobalSection
	GlobalSection(ProjectConfigurationPlatforms) = postSolution
		{9BC46576-0262-4223-888A-83AA69529D44}.Debug|Any CPU.ActiveCfg = Debug|Any CPU
		{9BC46576-0262-4223-888A-83AA69529D44}.Debug|Any CPU.Build.0 = Debug|Any CPU
		{9BC46576-0262-4223-888A-83AA69529D44}.Release|Any CPU.ActiveCfg = Release|Any CPU
		{9BC46576-0262-4223-888A-83AA69529D44}.Release|Any CPU.Build.0 = Release|Any CPU
	EndGlobalSection
	GlobalSection(SolutionProperties) = preSolution
		HideSolutionNode = FALSE
	EndGlobalSection
	GlobalSection(ExtensibilityGlobals) = postSolution
		SolutionGuid = {86A8FCF8-79C9-4AA5-9CAA-9D2D5A75689B}
	EndGlobalSection
EndGlobal
